
Microsoft Visual Studio Solution File, Format Version 12.00
# Visual Studio 15
VisualStudioVersion = 15.0.28010.2003
MinimumVisualStudioVersion = 10.0.40219.1
Project("{FAE04EC0-301F-11D3-BF4B-00C04F79EFBC}") = "Torres_de_Hanoi", "Torres_de_Hanoi\Torres_de_Hanoi.csproj", "{D4825FBA-34D9-4C02-B9F4-8B722AD78E11}"
EndProject
Global
	GlobalSection(SolutionConfigurationPlatforms) = preSolution
		Debug|Any CPU = Debug|Any CPU
		Release|Any CPU = Release|Any CPU
	EndGlobalSection
	GlobalSection(ProjectConfigurationPlatforms) = postSolution
		{D4825FBA-34D9-4C02-B9F4-8B722AD78E11}.Debug|Any CPU.ActiveCfg = Debug|Any CPU
		{D4825FBA-34D9-4C02-B9F4-8B722AD78E11}.Debug|Any CPU.Build.0 = Debug|Any CPU
		{D4825FBA-34D9-4C02-B9F4-8B722AD78E11}.Release|Any CPU.ActiveCfg = Release|Any CPU
		{D4825FBA-34D9-4C02-B9F4-8B722AD78E11}.Release|Any CPU.Build.0 = Release|Any CPU
	EndGlobalSection
	GlobalSection(SolutionProperties) = preSolution
		HideSolutionNode = FALSE
	EndGlobalSection
	GlobalSection(ExtensibilityGlobals) = postSolution
		SolutionGuid = {57507D8C-4423-4FBD-92C4-CFA9F1532825}
	EndGlobalSection
EndGlobal
